// !$*UTF8*$!
{
	archiveVersion = 1;
	classes = {
	};
	objectVersion = 55;
	objects = {

/* Begin PBXBuildFile section */
		261555045FA4B04F9B80C0E4 /* Pods_MenToMen_MenToMenUITests.framework in Frameworks */ = {isa = PBXBuildFile; fileRef = 0ED80D752B10D5A16DD9E91D /* Pods_MenToMen_MenToMenUITests.framework */; };
		72B1A13A946699633F541E11 /* Pods_MenToMen.framework in Frameworks */ = {isa = PBXBuildFile; fileRef = 71CB3449538EC4918FD652EF /* Pods_MenToMen.framework */; };
		9308E8DA28BF809C003AB02D /* RequestAPI.swift in Sources */ = {isa = PBXBuildFile; fileRef = 9308E8D928BF809C003AB02D /* RequestAPI.swift */; };
		9308E8DC28BF80A5003AB02D /* Request.swift in Sources */ = {isa = PBXBuildFile; fileRef = 9308E8DB28BF80A5003AB02D /* Request.swift */; };
		931644E828B8396B001E5243 /* ProfileView.swift in Sources */ = {isa = PBXBuildFile; fileRef = 931644E728B8396B001E5243 /* ProfileView.swift */; };
		931644EA28B83983001E5243 /* WriteView.swift in Sources */ = {isa = PBXBuildFile; fileRef = 931644E928B83983001E5243 /* WriteView.swift */; };
		93387DE128C0A5A300F0BD19 /* WriteImageView.swift in Sources */ = {isa = PBXBuildFile; fileRef = 93387DE028C0A5A300F0BD19 /* WriteImageView.swift */; };
		9370ABC928BCA49400B1867B /* PostsCell.swift in Sources */ = {isa = PBXBuildFile; fileRef = 9370ABC828BCA49400B1867B /* PostsCell.swift */; };
		9370ABCB28BCA4C100B1867B /* PostsAPI.swift in Sources */ = {isa = PBXBuildFile; fileRef = 9370ABCA28BCA4C100B1867B /* PostsAPI.swift */; };
		9370ABCF28BCB38D00B1867B /* PostView.swift in Sources */ = {isa = PBXBuildFile; fileRef = 9370ABCE28BCB38D00B1867B /* PostView.swift */; };
		9370ABD328BCB46400B1867B /* NotifyView.swift in Sources */ = {isa = PBXBuildFile; fileRef = 9370ABD228BCB46400B1867B /* NotifyView.swift */; };
		9370ABD528BCB7AD00B1867B /* NotifyCell.swift in Sources */ = {isa = PBXBuildFile; fileRef = 9370ABD428BCB7AD00B1867B /* NotifyCell.swift */; };
		9370ABD728BCB92400B1867B /* NotifyAPI.swift in Sources */ = {isa = PBXBuildFile; fileRef = 9370ABD628BCB92400B1867B /* NotifyAPI.swift */; };
		9370ABDA28BCC10D00B1867B /* LoginView.swift in Sources */ = {isa = PBXBuildFile; fileRef = 9370ABD928BCC10D00B1867B /* LoginView.swift */; };
		9379692D28BCCC1000FB707F /* LoginAPI.swift in Sources */ = {isa = PBXBuildFile; fileRef = 9379692C28BCCC1000FB707F /* LoginAPI.swift */; };
		93B5842828BE0C1A00A50787 /* ProfileAPI.swift in Sources */ = {isa = PBXBuildFile; fileRef = 93B5842728BE0C1A00A50787 /* ProfileAPI.swift */; };
		93B5842A28BE2A4900A50787 /* Launch Screen.storyboard in Resources */ = {isa = PBXBuildFile; fileRef = 93B5842928BE2A4900A50787 /* Launch Screen.storyboard */; };
		93D458A928C591C100A3F565 /* WriteAPI.swift in Sources */ = {isa = PBXBuildFile; fileRef = 93D458A828C591C100A3F565 /* WriteAPI.swift */; };
		93F41EAD28BB3F9B000172C9 /* Assets.xcassets in Resources */ = {isa = PBXBuildFile; fileRef = 93F41EAC28BB3F9B000172C9 /* Assets.xcassets */; };
		93FA23FA28B797B7000C8D64 /* MenToMenApp.swift in Sources */ = {isa = PBXBuildFile; fileRef = 93FA23F928B797B7000C8D64 /* MenToMenApp.swift */; };
		93FA23FC28B797B7000C8D64 /* ContentView.swift in Sources */ = {isa = PBXBuildFile; fileRef = 93FA23FB28B797B7000C8D64 /* ContentView.swift */; };
		93FA240128B797B8000C8D64 /* Preview Assets.xcassets in Resources */ = {isa = PBXBuildFile; fileRef = 93FA240028B797B8000C8D64 /* Preview Assets.xcassets */; };
		93FA240B28B797B8000C8D64 /* MenToMenTests.swift in Sources */ = {isa = PBXBuildFile; fileRef = 93FA240A28B797B8000C8D64 /* MenToMenTests.swift */; };
		93FA241528B797B8000C8D64 /* MenToMenUITests.swift in Sources */ = {isa = PBXBuildFile; fileRef = 93FA241428B797B8000C8D64 /* MenToMenUITests.swift */; };
		93FA241728B797B8000C8D64 /* MenToMenUITestsLaunchTests.swift in Sources */ = {isa = PBXBuildFile; fileRef = 93FA241628B797B8000C8D64 /* MenToMenUITestsLaunchTests.swift */; };
		93FA242428B797E8000C8D64 /* PostsView.swift in Sources */ = {isa = PBXBuildFile; fileRef = 93FA242328B797E8000C8D64 /* PostsView.swift */; };
		CB51355B68AD0B15E2CB0C76 /* Pods_MenToMenTests.framework in Frameworks */ = {isa = PBXBuildFile; fileRef = 073923FD5E1A713D29FAD74A /* Pods_MenToMenTests.framework */; };
/* End PBXBuildFile section */

/* Begin PBXContainerItemProxy section */
		93FA240728B797B8000C8D64 /* PBXContainerItemProxy */ = {
			isa = PBXContainerItemProxy;
			containerPortal = 93FA23EE28B797B7000C8D64 /* Project object */;
			proxyType = 1;
			remoteGlobalIDString = 93FA23F528B797B7000C8D64;
			remoteInfo = MenToMen;
		};
		93FA241128B797B8000C8D64 /* PBXContainerItemProxy */ = {
			isa = PBXContainerItemProxy;
			containerPortal = 93FA23EE28B797B7000C8D64 /* Project object */;
			proxyType = 1;
			remoteGlobalIDString = 93FA23F528B797B7000C8D64;
			remoteInfo = MenToMen;
		};
/* End PBXContainerItemProxy section */

/* Begin PBXFileReference section */
		073923FD5E1A713D29FAD74A /* Pods_MenToMenTests.framework */ = {isa = PBXFileReference; explicitFileType = wrapper.framework; includeInIndex = 0; path = Pods_MenToMenTests.framework; sourceTree = BUILT_PRODUCTS_DIR; };
		096D47650F7CE2242F25D23E /* Pods-MenToMenTests.release.xcconfig */ = {isa = PBXFileReference; includeInIndex = 1; lastKnownFileType = text.xcconfig; name = "Pods-MenToMenTests.release.xcconfig"; path = "Target Support Files/Pods-MenToMenTests/Pods-MenToMenTests.release.xcconfig"; sourceTree = "<group>"; };
		0ED80D752B10D5A16DD9E91D /* Pods_MenToMen_MenToMenUITests.framework */ = {isa = PBXFileReference; explicitFileType = wrapper.framework; includeInIndex = 0; path = Pods_MenToMen_MenToMenUITests.framework; sourceTree = BUILT_PRODUCTS_DIR; };
		3E022BDA6A0B1209EECDF0C2 /* Pods-MenToMen-MenToMenUITests.debug.xcconfig */ = {isa = PBXFileReference; includeInIndex = 1; lastKnownFileType = text.xcconfig; name = "Pods-MenToMen-MenToMenUITests.debug.xcconfig"; path = "Target Support Files/Pods-MenToMen-MenToMenUITests/Pods-MenToMen-MenToMenUITests.debug.xcconfig"; sourceTree = "<group>"; };
		50A76AAE55D492BD2F1F6122 /* Pods-MenToMen-MenToMenUITests.release.xcconfig */ = {isa = PBXFileReference; includeInIndex = 1; lastKnownFileType = text.xcconfig; name = "Pods-MenToMen-MenToMenUITests.release.xcconfig"; path = "Target Support Files/Pods-MenToMen-MenToMenUITests/Pods-MenToMen-MenToMenUITests.release.xcconfig"; sourceTree = "<group>"; };
		71CB3449538EC4918FD652EF /* Pods_MenToMen.framework */ = {isa = PBXFileReference; explicitFileType = wrapper.framework; includeInIndex = 0; path = Pods_MenToMen.framework; sourceTree = BUILT_PRODUCTS_DIR; };
		8F3238D524AEC7B49FDB89D6 /* Pods-MenToMen.release.xcconfig */ = {isa = PBXFileReference; includeInIndex = 1; lastKnownFileType = text.xcconfig; name = "Pods-MenToMen.release.xcconfig"; path = "Target Support Files/Pods-MenToMen/Pods-MenToMen.release.xcconfig"; sourceTree = "<group>"; };
		9308E8D928BF809C003AB02D /* RequestAPI.swift */ = {isa = PBXFileReference; lastKnownFileType = sourcecode.swift; path = RequestAPI.swift; sourceTree = "<group>"; };
		9308E8DB28BF80A5003AB02D /* Request.swift */ = {isa = PBXFileReference; lastKnownFileType = sourcecode.swift; path = Request.swift; sourceTree = "<group>"; };
		931644E728B8396B001E5243 /* ProfileView.swift */ = {isa = PBXFileReference; lastKnownFileType = sourcecode.swift; path = ProfileView.swift; sourceTree = "<group>"; };
		931644E928B83983001E5243 /* WriteView.swift */ = {isa = PBXFileReference; lastKnownFileType = sourcecode.swift; path = WriteView.swift; sourceTree = "<group>"; };
		93387DE028C0A5A300F0BD19 /* WriteImageView.swift */ = {isa = PBXFileReference; lastKnownFileType = sourcecode.swift; path = WriteImageView.swift; sourceTree = "<group>"; };
		9370ABC828BCA49400B1867B /* PostsCell.swift */ = {isa = PBXFileReference; lastKnownFileType = sourcecode.swift; path = PostsCell.swift; sourceTree = "<group>"; };
		9370ABCA28BCA4C100B1867B /* PostsAPI.swift */ = {isa = PBXFileReference; lastKnownFileType = sourcecode.swift; path = PostsAPI.swift; sourceTree = "<group>"; };
		9370ABCE28BCB38D00B1867B /* PostView.swift */ = {isa = PBXFileReference; lastKnownFileType = sourcecode.swift; path = PostView.swift; sourceTree = "<group>"; };
		9370ABD228BCB46400B1867B /* NotifyView.swift */ = {isa = PBXFileReference; lastKnownFileType = sourcecode.swift; path = NotifyView.swift; sourceTree = "<group>"; };
		9370ABD428BCB7AD00B1867B /* NotifyCell.swift */ = {isa = PBXFileReference; lastKnownFileType = sourcecode.swift; path = NotifyCell.swift; sourceTree = "<group>"; };
		9370ABD628BCB92400B1867B /* NotifyAPI.swift */ = {isa = PBXFileReference; lastKnownFileType = sourcecode.swift; path = NotifyAPI.swift; sourceTree = "<group>"; };
		9370ABD928BCC10D00B1867B /* LoginView.swift */ = {isa = PBXFileReference; lastKnownFileType = sourcecode.swift; path = LoginView.swift; sourceTree = "<group>"; };
		9379692C28BCCC1000FB707F /* LoginAPI.swift */ = {isa = PBXFileReference; lastKnownFileType = sourcecode.swift; path = LoginAPI.swift; sourceTree = "<group>"; };
		9379692E28BCD36500FB707F /* Info.plist */ = {isa = PBXFileReference; lastKnownFileType = text.plist; path = Info.plist; sourceTree = "<group>"; };
		93B5842728BE0C1A00A50787 /* ProfileAPI.swift */ = {isa = PBXFileReference; lastKnownFileType = sourcecode.swift; path = ProfileAPI.swift; sourceTree = "<group>"; };
		93B5842928BE2A4900A50787 /* Launch Screen.storyboard */ = {isa = PBXFileReference; lastKnownFileType = file.storyboard; name = "Launch Screen.storyboard"; path = "MenToMen/Launch Screen.storyboard"; sourceTree = SOURCE_ROOT; };
		93D458A828C591C100A3F565 /* WriteAPI.swift */ = {isa = PBXFileReference; lastKnownFileType = sourcecode.swift; path = WriteAPI.swift; sourceTree = "<group>"; };
		93F41EAC28BB3F9B000172C9 /* Assets.xcassets */ = {isa = PBXFileReference; lastKnownFileType = folder.assetcatalog; path = Assets.xcassets; sourceTree = "<group>"; };
		93FA23F628B797B7000C8D64 /* 멘투멘.app */ = {isa = PBXFileReference; explicitFileType = wrapper.application; includeInIndex = 0; path = "멘투멘.app"; sourceTree = BUILT_PRODUCTS_DIR; };
		93FA23F928B797B7000C8D64 /* MenToMenApp.swift */ = {isa = PBXFileReference; lastKnownFileType = sourcecode.swift; path = MenToMenApp.swift; sourceTree = "<group>"; };
		93FA23FB28B797B7000C8D64 /* ContentView.swift */ = {isa = PBXFileReference; lastKnownFileType = sourcecode.swift; path = ContentView.swift; sourceTree = "<group>"; };
		93FA240028B797B8000C8D64 /* Preview Assets.xcassets */ = {isa = PBXFileReference; lastKnownFileType = folder.assetcatalog; path = "Preview Assets.xcassets"; sourceTree = "<group>"; };
		93FA240628B797B8000C8D64 /* MenToMenTests.xctest */ = {isa = PBXFileReference; explicitFileType = wrapper.cfbundle; includeInIndex = 0; path = MenToMenTests.xctest; sourceTree = BUILT_PRODUCTS_DIR; };
		93FA240A28B797B8000C8D64 /* MenToMenTests.swift */ = {isa = PBXFileReference; lastKnownFileType = sourcecode.swift; path = MenToMenTests.swift; sourceTree = "<group>"; };
		93FA241028B797B8000C8D64 /* MenToMenUITests.xctest */ = {isa = PBXFileReference; explicitFileType = wrapper.cfbundle; includeInIndex = 0; path = MenToMenUITests.xctest; sourceTree = BUILT_PRODUCTS_DIR; };
		93FA241428B797B8000C8D64 /* MenToMenUITests.swift */ = {isa = PBXFileReference; lastKnownFileType = sourcecode.swift; path = MenToMenUITests.swift; sourceTree = "<group>"; };
		93FA241628B797B8000C8D64 /* MenToMenUITestsLaunchTests.swift */ = {isa = PBXFileReference; lastKnownFileType = sourcecode.swift; path = MenToMenUITestsLaunchTests.swift; sourceTree = "<group>"; };
		93FA242328B797E8000C8D64 /* PostsView.swift */ = {isa = PBXFileReference; lastKnownFileType = sourcecode.swift; path = PostsView.swift; sourceTree = "<group>"; };
		93FA242528B7998A000C8D64 /* README.md */ = {isa = PBXFileReference; lastKnownFileType = net.daringfireball.markdown; path = README.md; sourceTree = "<group>"; };
		BF86775406EC3A7ED7310FA0 /* Pods-MenToMenTests.debug.xcconfig */ = {isa = PBXFileReference; includeInIndex = 1; lastKnownFileType = text.xcconfig; name = "Pods-MenToMenTests.debug.xcconfig"; path = "Target Support Files/Pods-MenToMenTests/Pods-MenToMenTests.debug.xcconfig"; sourceTree = "<group>"; };
		F178385FA58CF0E6B432A833 /* Pods-MenToMen.debug.xcconfig */ = {isa = PBXFileReference; includeInIndex = 1; lastKnownFileType = text.xcconfig; name = "Pods-MenToMen.debug.xcconfig"; path = "Target Support Files/Pods-MenToMen/Pods-MenToMen.debug.xcconfig"; sourceTree = "<group>"; };
/* End PBXFileReference section */

/* Begin PBXFrameworksBuildPhase section */
		93FA23F328B797B7000C8D64 /* Frameworks */ = {
			isa = PBXFrameworksBuildPhase;
			buildActionMask = 2147483647;
			files = (
				72B1A13A946699633F541E11 /* Pods_MenToMen.framework in Frameworks */,
			);
			runOnlyForDeploymentPostprocessing = 0;
		};
		93FA240328B797B8000C8D64 /* Frameworks */ = {
			isa = PBXFrameworksBuildPhase;
			buildActionMask = 2147483647;
			files = (
				CB51355B68AD0B15E2CB0C76 /* Pods_MenToMenTests.framework in Frameworks */,
			);
			runOnlyForDeploymentPostprocessing = 0;
		};
		93FA240D28B797B8000C8D64 /* Frameworks */ = {
			isa = PBXFrameworksBuildPhase;
			buildActionMask = 2147483647;
			files = (
				261555045FA4B04F9B80C0E4 /* Pods_MenToMen_MenToMenUITests.framework in Frameworks */,
			);
			runOnlyForDeploymentPostprocessing = 0;
		};
/* End PBXFrameworksBuildPhase section */

/* Begin PBXGroup section */
		9308E8D828BF808A003AB02D /* Request */ = {
			isa = PBXGroup;
			children = (
				9308E8D928BF809C003AB02D /* RequestAPI.swift */,
				9308E8DB28BF80A5003AB02D /* Request.swift */,
			);
			path = Request;
			sourceTree = "<group>";
		};
		9370ABCC28BCA4E900B1867B /* WriteView */ = {
			isa = PBXGroup;
			children = (
				931644E928B83983001E5243 /* WriteView.swift */,
				93387DE028C0A5A300F0BD19 /* WriteImageView.swift */,
				93D458A828C591C100A3F565 /* WriteAPI.swift */,
			);
			path = WriteView;
			sourceTree = "<group>";
		};
		9370ABCD28BCB38300B1867B /* PostView */ = {
			isa = PBXGroup;
			children = (
				9370ABCE28BCB38D00B1867B /* PostView.swift */,
			);
			path = PostView;
			sourceTree = "<group>";
		};
		9370ABD128BCB44400B1867B /* NotifyView */ = {
			isa = PBXGroup;
			children = (
				9370ABD228BCB46400B1867B /* NotifyView.swift */,
				9370ABD428BCB7AD00B1867B /* NotifyCell.swift */,
				9370ABD628BCB92400B1867B /* NotifyAPI.swift */,
			);
			path = NotifyView;
			sourceTree = "<group>";
		};
		9370ABD828BCC10200B1867B /* LoginView */ = {
			isa = PBXGroup;
			children = (
				9370ABD928BCC10D00B1867B /* LoginView.swift */,
				9379692C28BCCC1000FB707F /* LoginAPI.swift */,
			);
			path = LoginView;
			sourceTree = "<group>";
		};
		9370ABDB28BCC23C00B1867B /* MainView */ = {
			isa = PBXGroup;
			children = (
				93FA242328B797E8000C8D64 /* PostsView.swift */,
				9370ABC828BCA49400B1867B /* PostsCell.swift */,
				9370ABCA28BCA4C100B1867B /* PostsAPI.swift */,
				9370ABD128BCB44400B1867B /* NotifyView */,
				9370ABCD28BCB38300B1867B /* PostView */,
			);
			path = MainView;
			sourceTree = "<group>";
		};
		93B5842428BE0BFA00A50787 /* ProfileView */ = {
			isa = PBXGroup;
			children = (
				931644E728B8396B001E5243 /* ProfileView.swift */,
				93B5842728BE0C1A00A50787 /* ProfileAPI.swift */,
			);
			path = ProfileView;
			sourceTree = "<group>";
		};
		93FA23ED28B797B7000C8D64 = {
			isa = PBXGroup;
			children = (
				93FA242528B7998A000C8D64 /* README.md */,
				93FA23F828B797B7000C8D64 /* MenToMen */,
				93FA240928B797B8000C8D64 /* MenToMenTests */,
				93FA241328B797B8000C8D64 /* MenToMenUITests */,
				93FA23F728B797B7000C8D64 /* Products */,
				AF52B1F81675D66CA6233400 /* Pods */,
				DB2BC28C21433468C43DFE14 /* Frameworks */,
			);
			sourceTree = "<group>";
		};
		93FA23F728B797B7000C8D64 /* Products */ = {
			isa = PBXGroup;
			children = (
				93FA23F628B797B7000C8D64 /* 멘투멘.app */,
				93FA240628B797B8000C8D64 /* MenToMenTests.xctest */,
				93FA241028B797B8000C8D64 /* MenToMenUITests.xctest */,
			);
			name = Products;
			sourceTree = "<group>";
		};
		93FA23F828B797B7000C8D64 /* MenToMen */ = {
			isa = PBXGroup;
			children = (
				9379692E28BCD36500FB707F /* Info.plist */,
				93F41EAC28BB3F9B000172C9 /* Assets.xcassets */,
				93B5842928BE2A4900A50787 /* Launch Screen.storyboard */,
				93FA23F928B797B7000C8D64 /* MenToMenApp.swift */,
				93FA23FB28B797B7000C8D64 /* ContentView.swift */,
				9308E8D828BF808A003AB02D /* Request */,
				9370ABD828BCC10200B1867B /* LoginView */,
				9370ABDB28BCC23C00B1867B /* MainView */,
				9370ABCC28BCA4E900B1867B /* WriteView */,
				93B5842428BE0BFA00A50787 /* ProfileView */,
				93FA23FF28B797B8000C8D64 /* Preview Content */,
			);
			path = MenToMen;
			sourceTree = "<group>";
		};
		93FA23FF28B797B8000C8D64 /* Preview Content */ = {
			isa = PBXGroup;
			children = (
				93FA240028B797B8000C8D64 /* Preview Assets.xcassets */,
			);
			path = "Preview Content";
			sourceTree = "<group>";
		};
		93FA240928B797B8000C8D64 /* MenToMenTests */ = {
			isa = PBXGroup;
			children = (
				93FA240A28B797B8000C8D64 /* MenToMenTests.swift */,
			);
			path = MenToMenTests;
			sourceTree = "<group>";
		};
		93FA241328B797B8000C8D64 /* MenToMenUITests */ = {
			isa = PBXGroup;
			children = (
				93FA241428B797B8000C8D64 /* MenToMenUITests.swift */,
				93FA241628B797B8000C8D64 /* MenToMenUITestsLaunchTests.swift */,
			);
			path = MenToMenUITests;
			sourceTree = "<group>";
		};
		AF52B1F81675D66CA6233400 /* Pods */ = {
			isa = PBXGroup;
			children = (
				F178385FA58CF0E6B432A833 /* Pods-MenToMen.debug.xcconfig */,
				8F3238D524AEC7B49FDB89D6 /* Pods-MenToMen.release.xcconfig */,
				3E022BDA6A0B1209EECDF0C2 /* Pods-MenToMen-MenToMenUITests.debug.xcconfig */,
				50A76AAE55D492BD2F1F6122 /* Pods-MenToMen-MenToMenUITests.release.xcconfig */,
				BF86775406EC3A7ED7310FA0 /* Pods-MenToMenTests.debug.xcconfig */,
				096D47650F7CE2242F25D23E /* Pods-MenToMenTests.release.xcconfig */,
			);
			path = Pods;
			sourceTree = "<group>";
		};
		DB2BC28C21433468C43DFE14 /* Frameworks */ = {
			isa = PBXGroup;
			children = (
				71CB3449538EC4918FD652EF /* Pods_MenToMen.framework */,
				0ED80D752B10D5A16DD9E91D /* Pods_MenToMen_MenToMenUITests.framework */,
				073923FD5E1A713D29FAD74A /* Pods_MenToMenTests.framework */,
			);
			name = Frameworks;
			sourceTree = "<group>";
		};
/* End PBXGroup section */

/* Begin PBXNativeTarget section */
		93FA23F528B797B7000C8D64 /* MenToMen */ = {
			isa = PBXNativeTarget;
			buildConfigurationList = 93FA241A28B797B8000C8D64 /* Build configuration list for PBXNativeTarget "MenToMen" */;
			buildPhases = (
				6647D140791F9B5D21A51473 /* [CP] Check Pods Manifest.lock */,
				93FA23F228B797B7000C8D64 /* Sources */,
				93FA23F328B797B7000C8D64 /* Frameworks */,
				93FA23F428B797B7000C8D64 /* Resources */,
				3E61CB3935D496B947F21656 /* [CP] Embed Pods Frameworks */,
			);
			buildRules = (
			);
			dependencies = (
			);
			name = MenToMen;
			productName = MenToMen;
			productReference = 93FA23F628B797B7000C8D64 /* 멘투멘.app */;
			productType = "com.apple.product-type.application";
		};
		93FA240528B797B8000C8D64 /* MenToMenTests */ = {
			isa = PBXNativeTarget;
			buildConfigurationList = 93FA241D28B797B8000C8D64 /* Build configuration list for PBXNativeTarget "MenToMenTests" */;
			buildPhases = (
				66C396B82D3F132C279F64C4 /* [CP] Check Pods Manifest.lock */,
				93FA240228B797B8000C8D64 /* Sources */,
				93FA240328B797B8000C8D64 /* Frameworks */,
				93FA240428B797B8000C8D64 /* Resources */,
			);
			buildRules = (
			);
			dependencies = (
				93FA240828B797B8000C8D64 /* PBXTargetDependency */,
			);
			name = MenToMenTests;
			productName = MenToMenTests;
			productReference = 93FA240628B797B8000C8D64 /* MenToMenTests.xctest */;
			productType = "com.apple.product-type.bundle.unit-test";
		};
		93FA240F28B797B8000C8D64 /* MenToMenUITests */ = {
			isa = PBXNativeTarget;
			buildConfigurationList = 93FA242028B797B8000C8D64 /* Build configuration list for PBXNativeTarget "MenToMenUITests" */;
			buildPhases = (
				DE1ED71D4A32D86E7E82D97C /* [CP] Check Pods Manifest.lock */,
				93FA240C28B797B8000C8D64 /* Sources */,
				93FA240D28B797B8000C8D64 /* Frameworks */,
				93FA240E28B797B8000C8D64 /* Resources */,
				2FE5F614D270DA0863EF3109 /* [CP] Embed Pods Frameworks */,
			);
			buildRules = (
			);
			dependencies = (
				93FA241228B797B8000C8D64 /* PBXTargetDependency */,
			);
			name = MenToMenUITests;
			productName = MenToMenUITests;
			productReference = 93FA241028B797B8000C8D64 /* MenToMenUITests.xctest */;
			productType = "com.apple.product-type.bundle.ui-testing";
		};
/* End PBXNativeTarget section */

/* Begin PBXProject section */
		93FA23EE28B797B7000C8D64 /* Project object */ = {
			isa = PBXProject;
			attributes = {
				BuildIndependentTargetsInParallel = 1;
				LastSwiftUpdateCheck = 1330;
				LastUpgradeCheck = 1330;
				TargetAttributes = {
					93FA23F528B797B7000C8D64 = {
						CreatedOnToolsVersion = 13.3.1;
					};
					93FA240528B797B8000C8D64 = {
						CreatedOnToolsVersion = 13.3.1;
						TestTargetID = 93FA23F528B797B7000C8D64;
					};
					93FA240F28B797B8000C8D64 = {
						CreatedOnToolsVersion = 13.3.1;
						TestTargetID = 93FA23F528B797B7000C8D64;
					};
				};
			};
			buildConfigurationList = 93FA23F128B797B7000C8D64 /* Build configuration list for PBXProject "MenToMen" */;
			compatibilityVersion = "Xcode 13.0";
			developmentRegion = en;
			hasScannedForEncodings = 0;
			knownRegions = (
				en,
				Base,
			);
			mainGroup = 93FA23ED28B797B7000C8D64;
			productRefGroup = 93FA23F728B797B7000C8D64 /* Products */;
			projectDirPath = "";
			projectRoot = "";
			targets = (
				93FA23F528B797B7000C8D64 /* MenToMen */,
				93FA240528B797B8000C8D64 /* MenToMenTests */,
				93FA240F28B797B8000C8D64 /* MenToMenUITests */,
			);
		};
/* End PBXProject section */

/* Begin PBXResourcesBuildPhase section */
		93FA23F428B797B7000C8D64 /* Resources */ = {
			isa = PBXResourcesBuildPhase;
			buildActionMask = 2147483647;
			files = (
				93B5842A28BE2A4900A50787 /* Launch Screen.storyboard in Resources */,
				93F41EAD28BB3F9B000172C9 /* Assets.xcassets in Resources */,
				93FA240128B797B8000C8D64 /* Preview Assets.xcassets in Resources */,
			);
			runOnlyForDeploymentPostprocessing = 0;
		};
		93FA240428B797B8000C8D64 /* Resources */ = {
			isa = PBXResourcesBuildPhase;
			buildActionMask = 2147483647;
			files = (
			);
			runOnlyForDeploymentPostprocessing = 0;
		};
		93FA240E28B797B8000C8D64 /* Resources */ = {
			isa = PBXResourcesBuildPhase;
			buildActionMask = 2147483647;
			files = (
			);
			runOnlyForDeploymentPostprocessing = 0;
		};
/* End PBXResourcesBuildPhase section */

/* Begin PBXShellScriptBuildPhase section */
		2FE5F614D270DA0863EF3109 /* [CP] Embed Pods Frameworks */ = {
			isa = PBXShellScriptBuildPhase;
			buildActionMask = 2147483647;
			files = (
			);
			inputFileListPaths = (
				"${PODS_ROOT}/Target Support Files/Pods-MenToMen-MenToMenUITests/Pods-MenToMen-MenToMenUITests-frameworks-${CONFIGURATION}-input-files.xcfilelist",
			);
			name = "[CP] Embed Pods Frameworks";
			outputFileListPaths = (
				"${PODS_ROOT}/Target Support Files/Pods-MenToMen-MenToMenUITests/Pods-MenToMen-MenToMenUITests-frameworks-${CONFIGURATION}-output-files.xcfilelist",
			);
			runOnlyForDeploymentPostprocessing = 0;
			shellPath = /bin/sh;
			shellScript = "\"${PODS_ROOT}/Target Support Files/Pods-MenToMen-MenToMenUITests/Pods-MenToMen-MenToMenUITests-frameworks.sh\"\n";
			showEnvVarsInLog = 0;
		};
		3E61CB3935D496B947F21656 /* [CP] Embed Pods Frameworks */ = {
			isa = PBXShellScriptBuildPhase;
			buildActionMask = 2147483647;
			files = (
			);
			inputFileListPaths = (
				"${PODS_ROOT}/Target Support Files/Pods-MenToMen/Pods-MenToMen-frameworks-${CONFIGURATION}-input-files.xcfilelist",
			);
			name = "[CP] Embed Pods Frameworks";
			outputFileListPaths = (
				"${PODS_ROOT}/Target Support Files/Pods-MenToMen/Pods-MenToMen-frameworks-${CONFIGURATION}-output-files.xcfilelist",
			);
			runOnlyForDeploymentPostprocessing = 0;
			shellPath = /bin/sh;
			shellScript = "\"${PODS_ROOT}/Target Support Files/Pods-MenToMen/Pods-MenToMen-frameworks.sh\"\n";
			showEnvVarsInLog = 0;
		};
		6647D140791F9B5D21A51473 /* [CP] Check Pods Manifest.lock */ = {
			isa = PBXShellScriptBuildPhase;
			buildActionMask = 2147483647;
			files = (
			);
			inputFileListPaths = (
			);
			inputPaths = (
				"${PODS_PODFILE_DIR_PATH}/Podfile.lock",
				"${PODS_ROOT}/Manifest.lock",
			);
			name = "[CP] Check Pods Manifest.lock";
			outputFileListPaths = (
			);
			outputPaths = (
				"$(DERIVED_FILE_DIR)/Pods-MenToMen-checkManifestLockResult.txt",
			);
			runOnlyForDeploymentPostprocessing = 0;
			shellPath = /bin/sh;
			shellScript = "diff \"${PODS_PODFILE_DIR_PATH}/Podfile.lock\" \"${PODS_ROOT}/Manifest.lock\" > /dev/null\nif [ $? != 0 ] ; then\n    # print error to STDERR\n    echo \"error: The sandbox is not in sync with the Podfile.lock. Run 'pod install' or update your CocoaPods installation.\" >&2\n    exit 1\nfi\n# This output is used by Xcode 'outputs' to avoid re-running this script phase.\necho \"SUCCESS\" > \"${SCRIPT_OUTPUT_FILE_0}\"\n";
			showEnvVarsInLog = 0;
		};
		66C396B82D3F132C279F64C4 /* [CP] Check Pods Manifest.lock */ = {
			isa = PBXShellScriptBuildPhase;
			buildActionMask = 2147483647;
			files = (
			);
			inputFileListPaths = (
			);
			inputPaths = (
				"${PODS_PODFILE_DIR_PATH}/Podfile.lock",
				"${PODS_ROOT}/Manifest.lock",
			);
			name = "[CP] Check Pods Manifest.lock";
			outputFileListPaths = (
			);
			outputPaths = (
				"$(DERIVED_FILE_DIR)/Pods-MenToMenTests-checkManifestLockResult.txt",
			);
			runOnlyForDeploymentPostprocessing = 0;
			shellPath = /bin/sh;
			shellScript = "diff \"${PODS_PODFILE_DIR_PATH}/Podfile.lock\" \"${PODS_ROOT}/Manifest.lock\" > /dev/null\nif [ $? != 0 ] ; then\n    # print error to STDERR\n    echo \"error: The sandbox is not in sync with the Podfile.lock. Run 'pod install' or update your CocoaPods installation.\" >&2\n    exit 1\nfi\n# This output is used by Xcode 'outputs' to avoid re-running this script phase.\necho \"SUCCESS\" > \"${SCRIPT_OUTPUT_FILE_0}\"\n";
			showEnvVarsInLog = 0;
		};
		DE1ED71D4A32D86E7E82D97C /* [CP] Check Pods Manifest.lock */ = {
			isa = PBXShellScriptBuildPhase;
			buildActionMask = 2147483647;
			files = (
			);
			inputFileListPaths = (
			);
			inputPaths = (
				"${PODS_PODFILE_DIR_PATH}/Podfile.lock",
				"${PODS_ROOT}/Manifest.lock",
			);
			name = "[CP] Check Pods Manifest.lock";
			outputFileListPaths = (
			);
			outputPaths = (
				"$(DERIVED_FILE_DIR)/Pods-MenToMen-MenToMenUITests-checkManifestLockResult.txt",
			);
			runOnlyForDeploymentPostprocessing = 0;
			shellPath = /bin/sh;
			shellScript = "diff \"${PODS_PODFILE_DIR_PATH}/Podfile.lock\" \"${PODS_ROOT}/Manifest.lock\" > /dev/null\nif [ $? != 0 ] ; then\n    # print error to STDERR\n    echo \"error: The sandbox is not in sync with the Podfile.lock. Run 'pod install' or update your CocoaPods installation.\" >&2\n    exit 1\nfi\n# This output is used by Xcode 'outputs' to avoid re-running this script phase.\necho \"SUCCESS\" > \"${SCRIPT_OUTPUT_FILE_0}\"\n";
			showEnvVarsInLog = 0;
		};
/* End PBXShellScriptBuildPhase section */

/* Begin PBXSourcesBuildPhase section */
		93FA23F228B797B7000C8D64 /* Sources */ = {
			isa = PBXSourcesBuildPhase;
			buildActionMask = 2147483647;
			files = (
				931644E828B8396B001E5243 /* ProfileView.swift in Sources */,
				9308E8DC28BF80A5003AB02D /* Request.swift in Sources */,
				93FA23FC28B797B7000C8D64 /* ContentView.swift in Sources */,
				9370ABCF28BCB38D00B1867B /* PostView.swift in Sources */,
				931644EA28B83983001E5243 /* WriteView.swift in Sources */,
				93FA23FA28B797B7000C8D64 /* MenToMenApp.swift in Sources */,
				9370ABCB28BCA4C100B1867B /* PostsAPI.swift in Sources */,
				9379692D28BCCC1000FB707F /* LoginAPI.swift in Sources */,
				93D458A928C591C100A3F565 /* WriteAPI.swift in Sources */,
				9370ABDA28BCC10D00B1867B /* LoginView.swift in Sources */,
				93387DE128C0A5A300F0BD19 /* WriteImageView.swift in Sources */,
				9370ABD728BCB92400B1867B /* NotifyAPI.swift in Sources */,
				9370ABD328BCB46400B1867B /* NotifyView.swift in Sources */,
				9370ABC928BCA49400B1867B /* PostsCell.swift in Sources */,
				9370ABD528BCB7AD00B1867B /* NotifyCell.swift in Sources */,
				93B5842828BE0C1A00A50787 /* ProfileAPI.swift in Sources */,
				9308E8DA28BF809C003AB02D /* RequestAPI.swift in Sources */,
				93FA242428B797E8000C8D64 /* PostsView.swift in Sources */,
			);
			runOnlyForDeploymentPostprocessing = 0;
		};
		93FA240228B797B8000C8D64 /* Sources */ = {
			isa = PBXSourcesBuildPhase;
			buildActionMask = 2147483647;
			files = (
				93FA240B28B797B8000C8D64 /* MenToMenTests.swift in Sources */,
			);
			runOnlyForDeploymentPostprocessing = 0;
		};
		93FA240C28B797B8000C8D64 /* Sources */ = {
			isa = PBXSourcesBuildPhase;
			buildActionMask = 2147483647;
			files = (
				93FA241728B797B8000C8D64 /* MenToMenUITestsLaunchTests.swift in Sources */,
				93FA241528B797B8000C8D64 /* MenToMenUITests.swift in Sources */,
			);
			runOnlyForDeploymentPostprocessing = 0;
		};
/* End PBXSourcesBuildPhase section */

/* Begin PBXTargetDependency section */
		93FA240828B797B8000C8D64 /* PBXTargetDependency */ = {
			isa = PBXTargetDependency;
			target = 93FA23F528B797B7000C8D64 /* MenToMen */;
			targetProxy = 93FA240728B797B8000C8D64 /* PBXContainerItemProxy */;
		};
		93FA241228B797B8000C8D64 /* PBXTargetDependency */ = {
			isa = PBXTargetDependency;
			target = 93FA23F528B797B7000C8D64 /* MenToMen */;
			targetProxy = 93FA241128B797B8000C8D64 /* PBXContainerItemProxy */;
		};
/* End PBXTargetDependency section */

/* Begin XCBuildConfiguration section */
		93FA241828B797B8000C8D64 /* Debug */ = {
			isa = XCBuildConfiguration;
			buildSettings = {
				ALWAYS_SEARCH_USER_PATHS = NO;
				CLANG_ANALYZER_NONNULL = YES;
				CLANG_ANALYZER_NUMBER_OBJECT_CONVERSION = YES_AGGRESSIVE;
				CLANG_CXX_LANGUAGE_STANDARD = "gnu++17";
				CLANG_ENABLE_MODULES = YES;
				CLANG_ENABLE_OBJC_ARC = YES;
				CLANG_ENABLE_OBJC_WEAK = YES;
				CLANG_WARN_BLOCK_CAPTURE_AUTORELEASING = YES;
				CLANG_WARN_BOOL_CONVERSION = YES;
				CLANG_WARN_COMMA = YES;
				CLANG_WARN_CONSTANT_CONVERSION = YES;
				CLANG_WARN_DEPRECATED_OBJC_IMPLEMENTATIONS = YES;
				CLANG_WARN_DIRECT_OBJC_ISA_USAGE = YES_ERROR;
				CLANG_WARN_DOCUMENTATION_COMMENTS = YES;
				CLANG_WARN_EMPTY_BODY = YES;
				CLANG_WARN_ENUM_CONVERSION = YES;
				CLANG_WARN_INFINITE_RECURSION = YES;
				CLANG_WARN_INT_CONVERSION = YES;
				CLANG_WARN_NON_LITERAL_NULL_CONVERSION = YES;
				CLANG_WARN_OBJC_IMPLICIT_RETAIN_SELF = YES;
				CLANG_WARN_OBJC_LITERAL_CONVERSION = YES;
				CLANG_WARN_OBJC_ROOT_CLASS = YES_ERROR;
				CLANG_WARN_QUOTED_INCLUDE_IN_FRAMEWORK_HEADER = YES;
				CLANG_WARN_RANGE_LOOP_ANALYSIS = YES;
				CLANG_WARN_STRICT_PROTOTYPES = YES;
				CLANG_WARN_SUSPICIOUS_MOVE = YES;
				CLANG_WARN_UNGUARDED_AVAILABILITY = YES_AGGRESSIVE;
				CLANG_WARN_UNREACHABLE_CODE = YES;
				CLANG_WARN__DUPLICATE_METHOD_MATCH = YES;
				COPY_PHASE_STRIP = NO;
				DEBUG_INFORMATION_FORMAT = dwarf;
				ENABLE_STRICT_OBJC_MSGSEND = YES;
				ENABLE_TESTABILITY = YES;
				GCC_C_LANGUAGE_STANDARD = gnu11;
				GCC_DYNAMIC_NO_PIC = NO;
				GCC_NO_COMMON_BLOCKS = YES;
				GCC_OPTIMIZATION_LEVEL = 0;
				GCC_PREPROCESSOR_DEFINITIONS = (
					"DEBUG=1",
					"$(inherited)",
				);
				GCC_WARN_64_TO_32_BIT_CONVERSION = YES;
				GCC_WARN_ABOUT_RETURN_TYPE = YES_ERROR;
				GCC_WARN_UNDECLARED_SELECTOR = YES;
				GCC_WARN_UNINITIALIZED_AUTOS = YES_AGGRESSIVE;
				GCC_WARN_UNUSED_FUNCTION = YES;
				GCC_WARN_UNUSED_VARIABLE = YES;
				IPHONEOS_DEPLOYMENT_TARGET = 15.4;
				MTL_ENABLE_DEBUG_INFO = INCLUDE_SOURCE;
				MTL_FAST_MATH = YES;
				ONLY_ACTIVE_ARCH = YES;
				SDKROOT = iphoneos;
				SWIFT_ACTIVE_COMPILATION_CONDITIONS = DEBUG;
				SWIFT_OPTIMIZATION_LEVEL = "-Onone";
			};
			name = Debug;
		};
		93FA241928B797B8000C8D64 /* Release */ = {
			isa = XCBuildConfiguration;
			buildSettings = {
				ALWAYS_SEARCH_USER_PATHS = NO;
				CLANG_ANALYZER_NONNULL = YES;
				CLANG_ANALYZER_NUMBER_OBJECT_CONVERSION = YES_AGGRESSIVE;
				CLANG_CXX_LANGUAGE_STANDARD = "gnu++17";
				CLANG_ENABLE_MODULES = YES;
				CLANG_ENABLE_OBJC_ARC = YES;
				CLANG_ENABLE_OBJC_WEAK = YES;
				CLANG_WARN_BLOCK_CAPTURE_AUTORELEASING = YES;
				CLANG_WARN_BOOL_CONVERSION = YES;
				CLANG_WARN_COMMA = YES;
				CLANG_WARN_CONSTANT_CONVERSION = YES;
				CLANG_WARN_DEPRECATED_OBJC_IMPLEMENTATIONS = YES;
				CLANG_WARN_DIRECT_OBJC_ISA_USAGE = YES_ERROR;
				CLANG_WARN_DOCUMENTATION_COMMENTS = YES;
				CLANG_WARN_EMPTY_BODY = YES;
				CLANG_WARN_ENUM_CONVERSION = YES;
				CLANG_WARN_INFINITE_RECURSION = YES;
				CLANG_WARN_INT_CONVERSION = YES;
				CLANG_WARN_NON_LITERAL_NULL_CONVERSION = YES;
				CLANG_WARN_OBJC_IMPLICIT_RETAIN_SELF = YES;
				CLANG_WARN_OBJC_LITERAL_CONVERSION = YES;
				CLANG_WARN_OBJC_ROOT_CLASS = YES_ERROR;
				CLANG_WARN_QUOTED_INCLUDE_IN_FRAMEWORK_HEADER = YES;
				CLANG_WARN_RANGE_LOOP_ANALYSIS = YES;
				CLANG_WARN_STRICT_PROTOTYPES = YES;
				CLANG_WARN_SUSPICIOUS_MOVE = YES;
				CLANG_WARN_UNGUARDED_AVAILABILITY = YES_AGGRESSIVE;
				CLANG_WARN_UNREACHABLE_CODE = YES;
				CLANG_WARN__DUPLICATE_METHOD_MATCH = YES;
				COPY_PHASE_STRIP = NO;
				DEBUG_INFORMATION_FORMAT = "dwarf-with-dsym";
				ENABLE_NS_ASSERTIONS = NO;
				ENABLE_STRICT_OBJC_MSGSEND = YES;
				GCC_C_LANGUAGE_STANDARD = gnu11;
				GCC_NO_COMMON_BLOCKS = YES;
				GCC_WARN_64_TO_32_BIT_CONVERSION = YES;
				GCC_WARN_ABOUT_RETURN_TYPE = YES_ERROR;
				GCC_WARN_UNDECLARED_SELECTOR = YES;
				GCC_WARN_UNINITIALIZED_AUTOS = YES_AGGRESSIVE;
				GCC_WARN_UNUSED_FUNCTION = YES;
				GCC_WARN_UNUSED_VARIABLE = YES;
				IPHONEOS_DEPLOYMENT_TARGET = 15.4;
				MTL_ENABLE_DEBUG_INFO = NO;
				MTL_FAST_MATH = YES;
				SDKROOT = iphoneos;
				SWIFT_COMPILATION_MODE = wholemodule;
				SWIFT_OPTIMIZATION_LEVEL = "-O";
				VALIDATE_PRODUCT = YES;
			};
			name = Release;
		};
		93FA241B28B797B8000C8D64 /* Debug */ = {
			isa = XCBuildConfiguration;
			baseConfigurationReference = F178385FA58CF0E6B432A833 /* Pods-MenToMen.debug.xcconfig */;
			buildSettings = {
				ASSETCATALOG_COMPILER_APPICON_NAME = AppIcon;
				ASSETCATALOG_COMPILER_GLOBAL_ACCENT_COLOR_NAME = AccentColor;
				CODE_SIGN_STYLE = Automatic;
				CURRENT_PROJECT_VERSION = 1;
				DEVELOPMENT_ASSET_PATHS = "\"MenToMen/Preview Content\"";
				DEVELOPMENT_TEAM = 56V747V83R;
				ENABLE_PREVIEWS = YES;
				GENERATE_INFOPLIST_FILE = YES;
				INFOPLIST_FILE = MenToMen/Info.plist;
				INFOPLIST_KEY_UIApplicationSceneManifest_Generation = YES;
				INFOPLIST_KEY_UIApplicationSupportsIndirectInputEvents = YES;
				INFOPLIST_KEY_UILaunchScreen_Generation = YES;
				INFOPLIST_KEY_UILaunchStoryboardName = "Launch Screen";
				INFOPLIST_KEY_UISupportedInterfaceOrientations = UIInterfaceOrientationPortrait;
				INFOPLIST_KEY_UISupportedInterfaceOrientations_iPad = "UIInterfaceOrientationPortrait UIInterfaceOrientationPortraitUpsideDown UIInterfaceOrientationLandscapeLeft UIInterfaceOrientationLandscapeRight";
				INFOPLIST_KEY_UISupportedInterfaceOrientations_iPhone = UIInterfaceOrientationPortrait;
				LD_RUNPATH_SEARCH_PATHS = (
					"$(inherited)",
					"@executable_path/Frameworks",
				);
				MARKETING_VERSION = 1.0;
				PRODUCT_BUNDLE_IDENTIFIER = com.b1nd.MenToMen;
				PRODUCT_NAME = "멘투멘";
				SWIFT_EMIT_LOC_STRINGS = YES;
				SWIFT_VERSION = 5.0;
				TARGETED_DEVICE_FAMILY = "1,2";
			};
			name = Debug;
		};
		93FA241C28B797B8000C8D64 /* Release */ = {
			isa = XCBuildConfiguration;
			baseConfigurationReference = 8F3238D524AEC7B49FDB89D6 /* Pods-MenToMen.release.xcconfig */;
			buildSettings = {
				ASSETCATALOG_COMPILER_APPICON_NAME = AppIcon;
				ASSETCATALOG_COMPILER_GLOBAL_ACCENT_COLOR_NAME = AccentColor;
				CODE_SIGN_STYLE = Automatic;
				CURRENT_PROJECT_VERSION = 1;
				DEVELOPMENT_ASSET_PATHS = "\"MenToMen/Preview Content\"";
				DEVELOPMENT_TEAM = 56V747V83R;
				ENABLE_PREVIEWS = YES;
				GENERATE_INFOPLIST_FILE = YES;
				INFOPLIST_FILE = MenToMen/Info.plist;
				INFOPLIST_KEY_UIApplicationSceneManifest_Generation = YES;
				INFOPLIST_KEY_UIApplicationSupportsIndirectInputEvents = YES;
				INFOPLIST_KEY_UILaunchScreen_Generation = YES;
				INFOPLIST_KEY_UILaunchStoryboardName = "Launch Screen";
				INFOPLIST_KEY_UISupportedInterfaceOrientations = UIInterfaceOrientationPortrait;
				INFOPLIST_KEY_UISupportedInterfaceOrientations_iPad = "UIInterfaceOrientationPortrait UIInterfaceOrientationPortraitUpsideDown UIInterfaceOrientationLandscapeLeft UIInterfaceOrientationLandscapeRight";
				INFOPLIST_KEY_UISupportedInterfaceOrientations_iPhone = UIInterfaceOrientationPortrait;
				LD_RUNPATH_SEARCH_PATHS = (
					"$(inherited)",
					"@executable_path/Frameworks",
				);
				MARKETING_VERSION = 1.0;
				PRODUCT_BUNDLE_IDENTIFIER = com.b1nd.MenToMen;
				PRODUCT_NAME = "멘투멘";
				SWIFT_EMIT_LOC_STRINGS = YES;
				SWIFT_VERSION = 5.0;
				TARGETED_DEVICE_FAMILY = "1,2";
			};
			name = Release;
		};
		93FA241E28B797B8000C8D64 /* Debug */ = {
			isa = XCBuildConfiguration;
			baseConfigurationReference = BF86775406EC3A7ED7310FA0 /* Pods-MenToMenTests.debug.xcconfig */;
			buildSettings = {
				ALWAYS_EMBED_SWIFT_STANDARD_LIBRARIES = YES;
				BUNDLE_LOADER = "$(TEST_HOST)";
				CODE_SIGN_STYLE = Automatic;
				CURRENT_PROJECT_VERSION = 1;
				DEVELOPMENT_TEAM = 56V747V83R;
				GENERATE_INFOPLIST_FILE = YES;
				IPHONEOS_DEPLOYMENT_TARGET = 15.4;
				MARKETING_VERSION = 1.0;
				PRODUCT_BUNDLE_IDENTIFIER = com.b1nd.MenToMenTests;
				PRODUCT_NAME = "$(TARGET_NAME)";
				SWIFT_EMIT_LOC_STRINGS = NO;
				SWIFT_VERSION = 5.0;
				TARGETED_DEVICE_FAMILY = "1,2";
				TEST_HOST = "$(BUILT_PRODUCTS_DIR)/MenToMen.app/MenToMen";
			};
			name = Debug;
		};
		93FA241F28B797B8000C8D64 /* Release */ = {
			isa = XCBuildConfiguration;
			baseConfigurationReference = 096D47650F7CE2242F25D23E /* Pods-MenToMenTests.release.xcconfig */;
			buildSettings = {
				ALWAYS_EMBED_SWIFT_STANDARD_LIBRARIES = YES;
				BUNDLE_LOADER = "$(TEST_HOST)";
				CODE_SIGN_STYLE = Automatic;
				CURRENT_PROJECT_VERSION = 1;
				DEVELOPMENT_TEAM = 56V747V83R;
				GENERATE_INFOPLIST_FILE = YES;
				IPHONEOS_DEPLOYMENT_TARGET = 15.4;
				MARKETING_VERSION = 1.0;
				PRODUCT_BUNDLE_IDENTIFIER = com.b1nd.MenToMenTests;
				PRODUCT_NAME = "$(TARGET_NAME)";
				SWIFT_EMIT_LOC_STRINGS = NO;
				SWIFT_VERSION = 5.0;
				TARGETED_DEVICE_FAMILY = "1,2";
				TEST_HOST = "$(BUILT_PRODUCTS_DIR)/MenToMen.app/MenToMen";
			};
			name = Release;
		};
		93FA242128B797B8000C8D64 /* Debug */ = {
			isa = XCBuildConfiguration;
			baseConfigurationReference = 3E022BDA6A0B1209EECDF0C2 /* Pods-MenToMen-MenToMenUITests.debug.xcconfig */;
			buildSettings = {
				ALWAYS_EMBED_SWIFT_STANDARD_LIBRARIES = YES;
				CODE_SIGN_STYLE = Automatic;
				CURRENT_PROJECT_VERSION = 1;
				DEVELOPMENT_TEAM = 56V747V83R;
				GENERATE_INFOPLIST_FILE = YES;
				MARKETING_VERSION = 1.0;
				PRODUCT_BUNDLE_IDENTIFIER = com.b1nd.MenToMenUITests;
				PRODUCT_NAME = "$(TARGET_NAME)";
				SWIFT_EMIT_LOC_STRINGS = NO;
				SWIFT_VERSION = 5.0;
				TARGETED_DEVICE_FAMILY = "1,2";
				TEST_TARGET_NAME = MenToMen;
			};
			name = Debug;
		};
		93FA242228B797B8000C8D64 /* Release */ = {
			isa = XCBuildConfiguration;
			baseConfigurationReference = 50A76AAE55D492BD2F1F6122 /* Pods-MenToMen-MenToMenUITests.release.xcconfig */;
			buildSettings = {
				ALWAYS_EMBED_SWIFT_STANDARD_LIBRARIES = YES;
				CODE_SIGN_STYLE = Automatic;
				CURRENT_PROJECT_VERSION = 1;
				DEVELOPMENT_TEAM = 56V747V83R;
				GENERATE_INFOPLIST_FILE = YES;
				MARKETING_VERSION = 1.0;
				PRODUCT_BUNDLE_IDENTIFIER = com.b1nd.MenToMenUITests;
				PRODUCT_NAME = "$(TARGET_NAME)";
				SWIFT_EMIT_LOC_STRINGS = NO;
				SWIFT_VERSION = 5.0;
				TARGETED_DEVICE_FAMILY = "1,2";
				TEST_TARGET_NAME = MenToMen;
			};
			name = Release;
		};
/* End XCBuildConfiguration section */

/* Begin XCConfigurationList section */
		93FA23F128B797B7000C8D64 /* Build configuration list for PBXProject "MenToMen" */ = {
			isa = XCConfigurationList;
			buildConfigurations = (
				93FA241828B797B8000C8D64 /* Debug */,
				93FA241928B797B8000C8D64 /* Release */,
			);
			defaultConfigurationIsVisible = 0;
			defaultConfigurationName = Release;
		};
		93FA241A28B797B8000C8D64 /* Build configuration list for PBXNativeTarget "MenToMen" */ = {
			isa = XCConfigurationList;
			buildConfigurations = (
				93FA241B28B797B8000C8D64 /* Debug */,
				93FA241C28B797B8000C8D64 /* Release */,
			);
			defaultConfigurationIsVisible = 0;
			defaultConfigurationName = Release;
		};
		93FA241D28B797B8000C8D64 /* Build configuration list for PBXNativeTarget "MenToMenTests" */ = {
			isa = XCConfigurationList;
			buildConfigurations = (
				93FA241E28B797B8000C8D64 /* Debug */,
				93FA241F28B797B8000C8D64 /* Release */,
			);
			defaultConfigurationIsVisible = 0;
			defaultConfigurationName = Release;
		};
		93FA242028B797B8000C8D64 /* Build configuration list for PBXNativeTarget "MenToMenUITests" */ = {
			isa = XCConfigurationList;
			buildConfigurations = (
				93FA242128B797B8000C8D64 /* Debug */,
				93FA242228B797B8000C8D64 /* Release */,
			);
			defaultConfigurationIsVisible = 0;
			defaultConfigurationName = Release;
		};
/* End XCConfigurationList section */
	};
	rootObject = 93FA23EE28B797B7000C8D64 /* Project object */;
}
